
Microsoft Visual Studio Solution File, Format Version 11.00
# Visual Studio 2010
Project("{FAE04EC0-301F-11D3-BF4B-00C04F79EFBC}") = "PLINTRON.NUNIT.CONSOLE", "PLINTRON.NUNIT\PLINTRON.NUNIT.CONSOLE.csproj", "{574E4E65-82FB-4F7F-8F31-71F838A00CF3}"
EndProject
Project("{FAE04EC0-301F-11D3-BF4B-00C04F79EFBC}") = "PLINTRON.NUNIT.WEBSERVICE", "PLINTRON.NUNIT.WEBSERVICE\PLINTRON.NUNIT.WEBSERVICE.csproj", "{2B25A90D-AF43-4BFC-951D-9CF8F6219C8A}"
EndProject
Project("{FAE04EC0-301F-11D3-BF4B-00C04F79EFBC}") = "PLINTRON.NUNIT.WCF", "PLINTRON.NUNIT.WCF\PLINTRON.NUNIT.WCF.csproj", "{2BF9DAF5-9A8A-4E70-9667-409BDCD8CD44}"
EndProject
Project("{FAE04EC0-301F-11D3-BF4B-00C04F79EFBC}") = "PLINTRON.NUNIT.WCF.CLIENT", "PLINTRON.NUNIT.WCF.CLIENT\PLINTRON.NUNIT.WCF.CLIENT.csproj", "{C2EE6C9C-3C6F-4881-AD95-3FC197386E3F}"
	ProjectSection(ProjectDependencies) = postProject
		{2BF9DAF5-9A8A-4E70-9667-409BDCD8CD44} = {2BF9DAF5-9A8A-4E70-9667-409BDCD8CD44}
	EndProjectSection
EndProject
Project("{FAE04EC0-301F-11D3-BF4B-00C04F79EFBC}") = "PLINTRON.NUNIT.WEBAPPLICATION", "PLINTRON.NUNIT.WEBAPPLICATION\PLINTRON.NUNIT.WEBAPPLICATION.csproj", "{4ADDED63-C215-448B-8DBC-DA90EC82DFD9}"
EndProject
Project("{FAE04EC0-301F-11D3-BF4B-00C04F79EFBC}") = "PLINTRON.NUNIT.TESTCASE", "PLINTRON.NUNIT.TESTCASE\PLINTRON.NUNIT.TESTCASE.csproj", "{933E82B1-33A7-4E3F-B7B6-7E566577DEC8}"
EndProject
Project("{E24C65DC-7377-472B-9ABA-BC803B73C61A}") = "PLINTRON.WEBSITE", "..\..\AjaxCall\PLINTRON.WEBSITE\", "{07DB07F9-61DD-46BE-BEC6-1C42A515C4B7}"
	ProjectSection(WebsiteProperties) = preProject
		TargetFrameworkMoniker = ".NETFramework,Version%3Dv4.0"
		Debug.AspNetCompiler.VirtualPath = "/PLINTRON.WEBSITE"
		Debug.AspNetCompiler.PhysicalPath = "..\..\AjaxCall\PLINTRON.WEBSITE\"
		Debug.AspNetCompiler.TargetPath = "PrecompiledWeb\PLINTRON.WEBSITE\"
		Debug.AspNetCompiler.Updateable = "true"
		Debug.AspNetCompiler.ForceOverwrite = "true"
		Debug.AspNetCompiler.FixedNames = "false"
		Debug.AspNetCompiler.Debug = "True"
		Release.AspNetCompiler.VirtualPath = "/PLINTRON.WEBSITE"
		Release.AspNetCompiler.PhysicalPath = "..\..\AjaxCall\PLINTRON.WEBSITE\"
		Release.AspNetCompiler.TargetPath = "PrecompiledWeb\PLINTRON.WEBSITE\"
		Release.AspNetCompiler.Updateable = "true"
		Release.AspNetCompiler.ForceOverwrite = "true"
		Release.AspNetCompiler.FixedNames = "false"
		Release.AspNetCompiler.Debug = "False"
		VWDPort = "53627"
		DefaultWebSiteLanguage = "Visual C#"
	EndProjectSection
EndProject
Project("{FAE04EC0-301F-11D3-BF4B-00C04F79EFBC}") = "PLINTRON.NUNIT.WINDOWSAPPLICATION", "PLINTRON.NUNIT.WINDOWSAPPLICATION\PLINTRON.NUNIT.WINDOWSAPPLICATION.csproj", "{629C1505-4160-47F7-9839-FD201DDDD77E}"
EndProject
Project("{FAE04EC0-301F-11D3-BF4B-00C04F79EFBC}") = "PLINTRON.NUNIT.WINDOWSSERVICE", "PLINTRON.NUNIT.WINDOWSSERVICE\PLINTRON.NUNIT.WINDOWSSERVICE.csproj", "{32375E4E-91EF-4C88-A60B-FEAFBD15E1C4}"
EndProject
Global
	GlobalSection(SolutionConfigurationPlatforms) = preSolution
		Debug|Any CPU = Debug|Any CPU
		Debug|Mixed Platforms = Debug|Mixed Platforms
		Debug|x86 = Debug|x86
		Release|Any CPU = Release|Any CPU
		Release|Mixed Platforms = Release|Mixed Platforms
		Release|x86 = Release|x86
	EndGlobalSection
	GlobalSection(ProjectConfigurationPlatforms) = postSolution
		{574E4E65-82FB-4F7F-8F31-71F838A00CF3}.Debug|Any CPU.ActiveCfg = Debug|Any CPU
		{574E4E65-82FB-4F7F-8F31-71F838A00CF3}.Debug|Any CPU.Build.0 = Debug|Any CPU
		{574E4E65-82FB-4F7F-8F31-71F838A00CF3}.Debug|Mixed Platforms.ActiveCfg = Debug|Any CPU
		{574E4E65-82FB-4F7F-8F31-71F838A00CF3}.Debug|Mixed Platforms.Build.0 = Debug|Any CPU
		{574E4E65-82FB-4F7F-8F31-71F838A00CF3}.Debug|x86.ActiveCfg = Debug|Any CPU
		{574E4E65-82FB-4F7F-8F31-71F838A00CF3}.Release|Any CPU.ActiveCfg = Release|Any CPU
		{574E4E65-82FB-4F7F-8F31-71F838A00CF3}.Release|Any CPU.Build.0 = Release|Any CPU
		{574E4E65-82FB-4F7F-8F31-71F838A00CF3}.Release|Mixed Platforms.ActiveCfg = Release|Any CPU
		{574E4E65-82FB-4F7F-8F31-71F838A00CF3}.Release|Mixed Platforms.Build.0 = Release|Any CPU
		{574E4E65-82FB-4F7F-8F31-71F838A00CF3}.Release|x86.ActiveCfg = Release|Any CPU
		{2B25A90D-AF43-4BFC-951D-9CF8F6219C8A}.Debug|Any CPU.ActiveCfg = Debug|Any CPU
		{2B25A90D-AF43-4BFC-951D-9CF8F6219C8A}.Debug|Any CPU.Build.0 = Debug|Any CPU
		{2B25A90D-AF43-4BFC-951D-9CF8F6219C8A}.Debug|Mixed Platforms.ActiveCfg = Debug|Any CPU
		{2B25A90D-AF43-4BFC-951D-9CF8F6219C8A}.Debug|Mixed Platforms.Build.0 = Debug|Any CPU
		{2B25A90D-AF43-4BFC-951D-9CF8F6219C8A}.Debug|x86.ActiveCfg = Debug|Any CPU
		{2B25A90D-AF43-4BFC-951D-9CF8F6219C8A}.Release|Any CPU.ActiveCfg = Release|Any CPU
		{2B25A90D-AF43-4BFC-951D-9CF8F6219C8A}.Release|Any CPU.Build.0 = Release|Any CPU
		{2B25A90D-AF43-4BFC-951D-9CF8F6219C8A}.Release|Mixed Platforms.ActiveCfg = Release|Any CPU
		{2B25A90D-AF43-4BFC-951D-9CF8F6219C8A}.Release|Mixed Platforms.Build.0 = Release|Any CPU
		{2B25A90D-AF43-4BFC-951D-9CF8F6219C8A}.Release|x86.ActiveCfg = Release|Any CPU
		{2BF9DAF5-9A8A-4E70-9667-409BDCD8CD44}.Debug|Any CPU.ActiveCfg = Debug|Any CPU
		{2BF9DAF5-9A8A-4E70-9667-409BDCD8CD44}.Debug|Any CPU.Build.0 = Debug|Any CPU
		{2BF9DAF5-9A8A-4E70-9667-409BDCD8CD44}.Debug|Mixed Platforms.ActiveCfg = Debug|Any CPU
		{2BF9DAF5-9A8A-4E70-9667-409BDCD8CD44}.Debug|Mixed Platforms.Build.0 = Debug|Any CPU
		{2BF9DAF5-9A8A-4E70-9667-409BDCD8CD44}.Debug|x86.ActiveCfg = Debug|Any CPU
		{2BF9DAF5-9A8A-4E70-9667-409BDCD8CD44}.Release|Any CPU.ActiveCfg = Release|Any CPU
		{2BF9DAF5-9A8A-4E70-9667-409BDCD8CD44}.Release|Any CPU.Build.0 = Release|Any CPU
		{2BF9DAF5-9A8A-4E70-9667-409BDCD8CD44}.Release|Mixed Platforms.ActiveCfg = Release|Any CPU
		{2BF9DAF5-9A8A-4E70-9667-409BDCD8CD44}.Release|Mixed Platforms.Build.0 = Release|Any CPU
		{2BF9DAF5-9A8A-4E70-9667-409BDCD8CD44}.Release|x86.ActiveCfg = Release|Any CPU
		{C2EE6C9C-3C6F-4881-AD95-3FC197386E3F}.Debug|Any CPU.ActiveCfg = Debug|Any CPU
		{C2EE6C9C-3C6F-4881-AD95-3FC197386E3F}.Debug|Any CPU.Build.0 = Debug|Any CPU
		{C2EE6C9C-3C6F-4881-AD95-3FC197386E3F}.Debug|Mixed Platforms.ActiveCfg = Debug|Any CPU
		{C2EE6C9C-3C6F-4881-AD95-3FC197386E3F}.Debug|Mixed Platforms.Build.0 = Debug|Any CPU
		{C2EE6C9C-3C6F-4881-AD95-3FC197386E3F}.Debug|x86.ActiveCfg = Debug|Any CPU
		{C2EE6C9C-3C6F-4881-AD95-3FC197386E3F}.Release|Any CPU.ActiveCfg = Release|Any CPU
		{C2EE6C9C-3C6F-4881-AD95-3FC197386E3F}.Release|Any CPU.Build.0 = Release|Any CPU
		{C2EE6C9C-3C6F-4881-AD95-3FC197386E3F}.Release|Mixed Platforms.ActiveCfg = Release|Any CPU
		{C2EE6C9C-3C6F-4881-AD95-3FC197386E3F}.Release|Mixed Platforms.Build.0 = Release|Any CPU
		{C2EE6C9C-3C6F-4881-AD95-3FC197386E3F}.Release|x86.ActiveCfg = Release|Any CPU
		{4ADDED63-C215-448B-8DBC-DA90EC82DFD9}.Debug|Any CPU.ActiveCfg = Debug|Any CPU
		{4ADDED63-C215-448B-8DBC-DA90EC82DFD9}.Debug|Any CPU.Build.0 = Debug|Any CPU
		{4ADDED63-C215-448B-8DBC-DA90EC82DFD9}.Debug|Mixed Platforms.ActiveCfg = Debug|Any CPU
		{4ADDED63-C215-448B-8DBC-DA90EC82DFD9}.Debug|Mixed Platforms.Build.0 = Debug|Any CPU
		{4ADDED63-C215-448B-8DBC-DA90EC82DFD9}.Debug|x86.ActiveCfg = Debug|Any CPU
		{4ADDED63-C215-448B-8DBC-DA90EC82DFD9}.Release|Any CPU.ActiveCfg = Release|Any CPU
		{4ADDED63-C215-448B-8DBC-DA90EC82DFD9}.Release|Any CPU.Build.0 = Release|Any CPU
		{4ADDED63-C215-448B-8DBC-DA90EC82DFD9}.Release|Mixed Platforms.ActiveCfg = Release|Any CPU
		{4ADDED63-C215-448B-8DBC-DA90EC82DFD9}.Release|Mixed Platforms.Build.0 = Release|Any CPU
		{4ADDED63-C215-448B-8DBC-DA90EC82DFD9}.Release|x86.ActiveCfg = Release|Any CPU
		{933E82B1-33A7-4E3F-B7B6-7E566577DEC8}.Debug|Any CPU.ActiveCfg = Debug|Any CPU
		{933E82B1-33A7-4E3F-B7B6-7E566577DEC8}.Debug|Any CPU.Build.0 = Debug|Any CPU
		{933E82B1-33A7-4E3F-B7B6-7E566577DEC8}.Debug|Mixed Platforms.ActiveCfg = Debug|Any CPU
		{933E82B1-33A7-4E3F-B7B6-7E566577DEC8}.Debug|Mixed Platforms.Build.0 = Debug|Any CPU
		{933E82B1-33A7-4E3F-B7B6-7E566577DEC8}.Debug|x86.ActiveCfg = Debug|Any CPU
		{933E82B1-33A7-4E3F-B7B6-7E566577DEC8}.Release|Any CPU.ActiveCfg = Release|Any CPU
		{933E82B1-33A7-4E3F-B7B6-7E566577DEC8}.Release|Any CPU.Build.0 = Release|Any CPU
		{933E82B1-33A7-4E3F-B7B6-7E566577DEC8}.Release|Mixed Platforms.ActiveCfg = Release|Any CPU
		{933E82B1-33A7-4E3F-B7B6-7E566577DEC8}.Release|Mixed Platforms.Build.0 = Release|Any CPU
		{933E82B1-33A7-4E3F-B7B6-7E566577DEC8}.Release|x86.ActiveCfg = Release|Any CPU
		{07DB07F9-61DD-46BE-BEC6-1C42A515C4B7}.Debug|Any CPU.ActiveCfg = Debug|Any CPU
		{07DB07F9-61DD-46BE-BEC6-1C42A515C4B7}.Debug|Any CPU.Build.0 = Debug|Any CPU
		{07DB07F9-61DD-46BE-BEC6-1C42A515C4B7}.Debug|Mixed Platforms.ActiveCfg = Debug|Any CPU
		{07DB07F9-61DD-46BE-BEC6-1C42A515C4B7}.Debug|Mixed Platforms.Build.0 = Debug|Any CPU
		{07DB07F9-61DD-46BE-BEC6-1C42A515C4B7}.Debug|x86.ActiveCfg = Debug|Any CPU
		{07DB07F9-61DD-46BE-BEC6-1C42A515C4B7}.Release|Any CPU.ActiveCfg = Debug|Any CPU
		{07DB07F9-61DD-46BE-BEC6-1C42A515C4B7}.Release|Any CPU.Build.0 = Debug|Any CPU
		{07DB07F9-61DD-46BE-BEC6-1C42A515C4B7}.Release|Mixed Platforms.ActiveCfg = Debug|Any CPU
		{07DB07F9-61DD-46BE-BEC6-1C42A515C4B7}.Release|Mixed Platforms.Build.0 = Debug|Any CPU
		{07DB07F9-61DD-46BE-BEC6-1C42A515C4B7}.Release|x86.ActiveCfg = Debug|Any CPU
		{629C1505-4160-47F7-9839-FD201DDDD77E}.Debug|Any CPU.ActiveCfg = Debug|x86
		{629C1505-4160-47F7-9839-FD201DDDD77E}.Debug|Mixed Platforms.ActiveCfg = Debug|x86
		{629C1505-4160-47F7-9839-FD201DDDD77E}.Debug|Mixed Platforms.Build.0 = Debug|x86
		{629C1505-4160-47F7-9839-FD201DDDD77E}.Debug|x86.ActiveCfg = Debug|x86
		{629C1505-4160-47F7-9839-FD201DDDD77E}.Debug|x86.Build.0 = Debug|x86
		{629C1505-4160-47F7-9839-FD201DDDD77E}.Release|Any CPU.ActiveCfg = Release|x86
		{629C1505-4160-47F7-9839-FD201DDDD77E}.Release|Mixed Platforms.ActiveCfg = Release|x86
		{629C1505-4160-47F7-9839-FD201DDDD77E}.Release|Mixed Platforms.Build.0 = Release|x86
		{629C1505-4160-47F7-9839-FD201DDDD77E}.Release|x86.ActiveCfg = Release|x86
		{629C1505-4160-47F7-9839-FD201DDDD77E}.Release|x86.Build.0 = Release|x86
		{32375E4E-91EF-4C88-A60B-FEAFBD15E1C4}.Debug|Any CPU.ActiveCfg = Debug|x86
		{32375E4E-91EF-4C88-A60B-FEAFBD15E1C4}.Debug|Mixed Platforms.ActiveCfg = Debug|x86
		{32375E4E-91EF-4C88-A60B-FEAFBD15E1C4}.Debug|Mixed Platforms.Build.0 = Debug|x86
		{32375E4E-91EF-4C88-A60B-FEAFBD15E1C4}.Debug|x86.ActiveCfg = Debug|x86
		{32375E4E-91EF-4C88-A60B-FEAFBD15E1C4}.Debug|x86.Build.0 = Debug|x86
		{32375E4E-91EF-4C88-A60B-FEAFBD15E1C4}.Release|Any CPU.ActiveCfg = Release|x86
		{32375E4E-91EF-4C88-A60B-FEAFBD15E1C4}.Release|Mixed Platforms.ActiveCfg = Release|x86
		{32375E4E-91EF-4C88-A60B-FEAFBD15E1C4}.Release|Mixed Platforms.Build.0 = Release|x86
		{32375E4E-91EF-4C88-A60B-FEAFBD15E1C4}.Release|x86.ActiveCfg = Release|x86
		{32375E4E-91EF-4C88-A60B-FEAFBD15E1C4}.Release|x86.Build.0 = Release|x86
	EndGlobalSection
	GlobalSection(SolutionProperties) = preSolution
		HideSolutionNode = FALSE
	EndGlobalSection
EndGlobal
